<?xml version="1.0" encoding="utf-8"?>
<Project ToolsVersion="4.0" xmlns="http://schemas.microsoft.com/developer/msbuild/2003">
  <ItemGroup>
    <Filter Include="Components">
      <UniqueIdentifier>{d4b15414-1b60-4e36-96d5-a4436ee984fb}</UniqueIdentifier>
    </Filter>
    <Filter Include="Engine">
      <UniqueIdentifier>{cf990e42-b100-434f-820c-f5e54e491794}</UniqueIdentifier>
    </Filter>
    <Filter Include="Engine\Font">
      <UniqueIdentifier>{b4d895c7-294e-47dd-af63-f63cd9130090}</UniqueIdentifier>
    </Filter>
    <Filter Include="Engine\InputManager">
      <UniqueIdentifier>{d9a80fa7-2d70-423d-a5f9-b8f0aa3e92e4}</UniqueIdentifier>
    </Filter>
    <Filter Include="Engine\Renderer">
      <UniqueIdentifier>{ea2da05b-b8a9-4c03-9d26-76273e340220}</UniqueIdentifier>
    </Filter>
    <Filter Include="Engine\ResourceManager">
      <UniqueIdentifier>{10253a23-ed5f-458b-8205-57a021990b2e}</UniqueIdentifier>
    </Filter>
    <Filter Include="Engine\Scene">
      <UniqueIdentifier>{31cc1083-c326-422b-a99d-f7266b90bc26}</UniqueIdentifier>
    </Filter>
    <Filter Include="Engine\SceneManager">
      <UniqueIdentifier>{537946c5-93d9-46b2-9c06-f7eccc46cd18}</UniqueIdentifier>
    </Filter>
    <Filter Include="Engine\Singleton">
      <UniqueIdentifier>{c36f33ff-9855-4f41-a9f2-b86c7dc9681b}</UniqueIdentifier>
    </Filter>
    <Filter Include="Engine\Texture2D">
      <UniqueIdentifier>{bc4a056c-204a-4727-a0be-cc415fe3a331}</UniqueIdentifier>
    </Filter>
    <Filter Include="Main">
      <UniqueIdentifier>{3499405e-8db5-4e9d-b4b0-9a8bf543abe5}</UniqueIdentifier>
    </Filter>
    <Filter Include="GameObjects">
      <UniqueIdentifier>{87d57146-d6ab-4140-9291-9e66f43b14c5}</UniqueIdentifier>
    </Filter>
  </ItemGroup>
  <ItemGroup>
    <ClInclude Include="Components.h">
      <Filter>Components</Filter>
    </ClInclude>
    <ClInclude Include="Font.h">
      <Filter>Engine\Font</Filter>
    </ClInclude>
    <ClInclude Include="InputManager.h">
      <Filter>Engine\InputManager</Filter>
    </ClInclude>
    <ClInclude Include="Renderer.h">
      <Filter>Engine\Renderer</Filter>
    </ClInclude>
    <ClInclude Include="ResourceManager.h">
      <Filter>Engine\ResourceManager</Filter>
    </ClInclude>
    <ClInclude Include="Scene.h">
      <Filter>Engine\Scene</Filter>
    </ClInclude>
    <ClInclude Include="SceneManager.h">
      <Filter>Engine\SceneManager</Filter>
    </ClInclude>
    <ClInclude Include="Singleton.h">
      <Filter>Engine\Singleton</Filter>
    </ClInclude>
    <ClInclude Include="Texture2D.h">
      <Filter>Engine\Texture2D</Filter>
    </ClInclude>
    <ClInclude Include="Engine.h">
      <Filter>Main</Filter>
    </ClInclude>
    <ClInclude Include="GameObject.h">
      <Filter>GameObjects</Filter>
    </ClInclude>
    <ClInclude Include="General.h">
      <Filter>Engine</Filter>
    </ClInclude>
  </ItemGroup>
  <ItemGroup>
    <ClCompile Include="Components.cpp">
      <Filter>Components</Filter>
    </ClCompile>
    <ClCompile Include="Font.cpp">
      <Filter>Engine\Font</Filter>
    </ClCompile>
    <ClCompile Include="InputManager.cpp">
      <Filter>Engine\InputManager</Filter>
    </ClCompile>
    <ClCompile Include="Renderer.cpp">
      <Filter>Engine\Renderer</Filter>
    </ClCompile>
    <ClCompile Include="ResourceManager.cpp">
      <Filter>Engine\ResourceManager</Filter>
    </ClCompile>
    <ClCompile Include="Scene.cpp">
      <Filter>Engine\Scene</Filter>
    </ClCompile>
    <ClCompile Include="SceneManager.cpp">
      <Filter>Engine\SceneManager</Filter>
    </ClCompile>
    <ClCompile Include="Texture2D.cpp">
      <Filter>Engine\Texture2D</Filter>
    </ClCompile>
    <ClCompile Include="Main.cpp">
      <Filter>Main</Filter>
    </ClCompile>
    <ClCompile Include="Engine.cpp">
      <Filter>Main</Filter>
    </ClCompile>
    <ClCompile Include="GameObject.cpp">
      <Filter>GameObjects</Filter>
    </ClCompile>
  </ItemGroup>
</Project>