<?xml version="1.0" encoding="utf-8"?>
<Project ToolsVersion="4.0" xmlns="http://schemas.microsoft.com/developer/msbuild/2003">
  <ItemGroup>
    <Filter Include="GameFiles">
      <UniqueIdentifier>{93995380-89BD-4b04-88EB-625FBE52EBFB}</UniqueIdentifier>
      <Extensions>h;hh;hpp;hxx;h++;hm;inl;inc;ipp;xsd</Extensions>
    </Filter>
    <Filter Include="GameFiles\Observers">
      <UniqueIdentifier>{af0220b8-757b-46fa-9d26-90da6f49b422}</UniqueIdentifier>
    </Filter>
    <Filter Include="GameFiles\Input">
      <UniqueIdentifier>{22883ee6-95b2-4f52-a43e-bf3ebb3b555f}</UniqueIdentifier>
    </Filter>
    <Filter Include="GameFiles\StatesAndTransitions">
      <UniqueIdentifier>{15e94872-f61e-4cbb-a43b-33164bb463b2}</UniqueIdentifier>
    </Filter>
  </ItemGroup>
  <ItemGroup>
    <ClCompile Include="Game.cpp">
      <Filter>GameFiles</Filter>
    </ClCompile>
    <ClCompile Include="main.cpp">
      <Filter>GameFiles</Filter>
    </ClCompile>
    <ClCompile Include="BaseBlock.cpp">
      <Filter>GameFiles</Filter>
    </ClCompile>
    <ClCompile Include="Environment.cpp">
      <Filter>GameFiles</Filter>
    </ClCompile>
    <ClCompile Include="HitObserver.cpp">
      <Filter>GameFiles\Observers</Filter>
    </ClCompile>
    <ClCompile Include="PengoActor.cpp">
      <Filter>GameFiles</Filter>
    </ClCompile>
    <ClCompile Include="PengoInputCommands.cpp">
      <Filter>GameFiles\Input</Filter>
    </ClCompile>
    <ClCompile Include="EnemyActor.cpp">
      <Filter>GameFiles</Filter>
    </ClCompile>
    <ClCompile Include="CollisionComponent.cpp">
      <Filter>GameFiles</Filter>
    </ClCompile>
    <ClCompile Include="BlockObserver.cpp">
      <Filter>GameFiles\Observers</Filter>
    </ClCompile>
    <ClCompile Include="EggObserver.cpp">
      <Filter>GameFiles\Observers</Filter>
    </ClCompile>
    <ClCompile Include="AIStatesAndTransitions.cpp">
      <Filter>GameFiles\StatesAndTransitions</Filter>
    </ClCompile>
    <ClCompile Include="AIMovementComponent.cpp">
      <Filter>GameFiles</Filter>
    </ClCompile>
    <ClCompile Include="EnemyManager.cpp">
      <Filter>GameFiles</Filter>
    </ClCompile>
    <ClCompile Include="EnemyDirectionObserver.cpp">
      <Filter>GameFiles\Observers</Filter>
    </ClCompile>
    <ClCompile Include="PlayerStatesAndTransitions.cpp">
      <Filter>GameFiles\StatesAndTransitions</Filter>
    </ClCompile>
    <ClCompile Include="BlocksStatesAndTransitions.cpp">
      <Filter>GameFiles\StatesAndTransitions</Filter>
    </ClCompile>
    <ClCompile Include="EggsStatesAndTransitions.cpp">
      <Filter>GameFiles\StatesAndTransitions</Filter>
    </ClCompile>
    <ClCompile Include="EnemyAnimationStates.cpp">
      <Filter>GameFiles\StatesAndTransitions</Filter>
    </ClCompile>
    <ClCompile Include="EnvironmentObserver.cpp">
      <Filter>GameFiles\Observers</Filter>
    </ClCompile>
    <ClCompile Include="ScoreObserver.cpp">
      <Filter>GameFiles\Observers</Filter>
    </ClCompile>
    <ClCompile Include="ScoreStatesAndTransitions.cpp">
      <Filter>GameFiles\StatesAndTransitions</Filter>
    </ClCompile>
  </ItemGroup>
  <ItemGroup>
    <ClInclude Include="Game.h">
      <Filter>GameFiles</Filter>
    </ClInclude>
    <ClInclude Include="BaseBlock.h">
      <Filter>GameFiles</Filter>
    </ClInclude>
    <ClInclude Include="Environment.h">
      <Filter>GameFiles</Filter>
    </ClInclude>
    <ClInclude Include="PengoActor.h">
      <Filter>GameFiles</Filter>
    </ClInclude>
    <ClInclude Include="PengoInputCommands.h">
      <Filter>GameFiles\Input</Filter>
    </ClInclude>
    <ClInclude Include="HitObserver.h">
      <Filter>GameFiles\Observers</Filter>
    </ClInclude>
    <ClInclude Include="EnemyActor.h">
      <Filter>GameFiles</Filter>
    </ClInclude>
    <ClInclude Include="CollisionComponent.h">
      <Filter>GameFiles</Filter>
    </ClInclude>
    <ClInclude Include="BlockObserver.h">
      <Filter>GameFiles\Observers</Filter>
    </ClInclude>
    <ClInclude Include="EggObserver.h">
      <Filter>GameFiles\Observers</Filter>
    </ClInclude>
    <ClInclude Include="AIStatesAndTransitions.h">
      <Filter>GameFiles\StatesAndTransitions</Filter>
    </ClInclude>
    <ClInclude Include="AIMovementComponent.h">
      <Filter>GameFiles</Filter>
    </ClInclude>
    <ClInclude Include="EnemyManager.h">
      <Filter>GameFiles</Filter>
    </ClInclude>
    <ClInclude Include="EnemyDirectionObserver.h">
      <Filter>GameFiles\Observers</Filter>
    </ClInclude>
    <ClInclude Include="PlayerStatesAndTransitions.h">
      <Filter>GameFiles\StatesAndTransitions</Filter>
    </ClInclude>
    <ClInclude Include="BlocksStatesAndTransitions.h">
      <Filter>GameFiles\StatesAndTransitions</Filter>
    </ClInclude>
    <ClInclude Include="EggsStatesAndTransitions.h">
      <Filter>GameFiles\StatesAndTransitions</Filter>
    </ClInclude>
    <ClInclude Include="EnemyAnimationStates.h">
      <Filter>GameFiles\StatesAndTransitions</Filter>
    </ClInclude>
    <ClInclude Include="EnvironmentObserver.h">
      <Filter>GameFiles\Observers</Filter>
    </ClInclude>
    <ClInclude Include="ScoreObserver.h">
      <Filter>GameFiles\Observers</Filter>
    </ClInclude>
    <ClInclude Include="ScoreStatesAndTransitions.h">
      <Filter>GameFiles\StatesAndTransitions</Filter>
    </ClInclude>
  </ItemGroup>
</Project>