<?xml version="1.0" encoding="utf-8"?>
<Project ToolsVersion="4.0" xmlns="http://schemas.microsoft.com/developer/msbuild/2003">
  <ItemGroup>
    <Filter Include="GameFiles">
      <UniqueIdentifier>{93995380-89BD-4b04-88EB-625FBE52EBFB}</UniqueIdentifier>
      <Extensions>h;hh;hpp;hxx;h++;hm;inl;inc;ipp;xsd</Extensions>
    </Filter>
    <Filter Include="GameFiles\Observers">
      <UniqueIdentifier>{af0220b8-757b-46fa-9d26-90da6f49b422}</UniqueIdentifier>
    </Filter>
  </ItemGroup>
  <ItemGroup>
    <ClCompile Include="Game.cpp">
      <Filter>GameFiles</Filter>
    </ClCompile>
    <ClCompile Include="main.cpp">
      <Filter>GameFiles</Filter>
    </ClCompile>
    <ClCompile Include="BaseBlock.cpp">
      <Filter>GameFiles</Filter>
    </ClCompile>
    <ClCompile Include="Environment.cpp">
      <Filter>GameFiles</Filter>
    </ClCompile>
    <ClCompile Include="HitObserver.cpp">
      <Filter>GameFiles\Observers</Filter>
    </ClCompile>
    <ClCompile Include="CollisionObserver.cpp">
      <Filter>GameFiles\Observers</Filter>
    </ClCompile>
    <ClCompile Include="PengoActor.cpp">
      <Filter>GameFiles</Filter>
    </ClCompile>
  </ItemGroup>
  <ItemGroup>
    <ClInclude Include="Game.h">
      <Filter>GameFiles</Filter>
    </ClInclude>
    <ClInclude Include="BaseBlock.h">
      <Filter>GameFiles</Filter>
    </ClInclude>
    <ClInclude Include="Environment.h">
      <Filter>GameFiles</Filter>
    </ClInclude>
    <ClInclude Include="HitObserver.h">
      <Filter>GameFiles\Observers</Filter>
    </ClInclude>
    <ClInclude Include="CollisionObserver.h">
      <Filter>GameFiles\Observers</Filter>
    </ClInclude>
    <ClInclude Include="PengoActor.h">
      <Filter>GameFiles</Filter>
    </ClInclude>
  </ItemGroup>
</Project>